
Microsoft Visual Studio Solution File, Format Version 12.00
# Visual Studio Version 17
VisualStudioVersion = 17.0.32014.148
MinimumVisualStudioVersion = 10.0.40219.1
Project("{FAE04EC0-301F-11D3-BF4B-00C04F79EFBC}") = "simpleBlogsite", "simpleBlogsite\simpleBlogsite.csproj", "{75045618-C810-4F75-9D7A-08039325E101}"
EndProject
Global
	GlobalSection(SolutionConfigurationPlatforms) = preSolution
		Debug|Any CPU = Debug|Any CPU
		Release|Any CPU = Release|Any CPU
	EndGlobalSection
	GlobalSection(ProjectConfigurationPlatforms) = postSolution
		{75045618-C810-4F75-9D7A-08039325E101}.Debug|Any CPU.ActiveCfg = Debug|Any CPU
		{75045618-C810-4F75-9D7A-08039325E101}.Debug|Any CPU.Build.0 = Debug|Any CPU
		{75045618-C810-4F75-9D7A-08039325E101}.Release|Any CPU.ActiveCfg = Release|Any CPU
		{75045618-C810-4F75-9D7A-08039325E101}.Release|Any CPU.Build.0 = Release|Any CPU
	EndGlobalSection
	GlobalSection(SolutionProperties) = preSolution
		HideSolutionNode = FALSE
	EndGlobalSection
	GlobalSection(ExtensibilityGlobals) = postSolution
		SolutionGuid = {7E45C98D-320D-4F13-A83B-65432B357288}
	EndGlobalSection
EndGlobal
